{
  "name": "sentiticket-server",
  "version": "1.0.0",
  "lockfileVersion": 3,
  "requires": true,
  "packages": {
    "": {
      "name": "sentiticket-server",
      "version": "1.0.0",
      "license": "ISC",
      "dependencies": {
        "argon2": "^0.40.1",
        "cookie-parser": "^1.4.6",
        "cors": "^2.8.5",
        "dotenv": "^16.4.5",
        "express": "^4.19.2",
        "express-rate-limit": "^7.3.1",
        "file-type": "^22.0.1",
        "helmet": "^7.1.0",
        "jsonwebtoken": "^9.0.2",
        "mongoose": "^8.4.1",
        "multer": "^1.4.5-lts.1",
        "node-cron": "^4.6.0",
        "otplib": "^12.0.1",
        "qrcode": "^1.5.3",
        "sanitize-filename": "^1.6.3",
        "winston": "^3.13.0",
        "zod": "^3.23.8"
      },
      "devDependencies": {
        "jest": "^29.7.0",
        "mongodb-memory-server": "^9.2.0",
        "nodemon": "^3.1.3",
        "supertest": "^7.0.0"
      },
      "engines": {
        "node": ">=20.0.0"
      }
    },
    "node_modules/argon2": {
      "version": "0.40.3",
      "resolved": "https://registry.npmjs.org/argon2/-/argon2-0.40.3.tgz",
      "integrity": "sha512-FrSmz4VeM91jwFvvjsQv9GYp6o/kARWoYKjbjDB2U5io1H3e5X67PYGclFDeQff6UXIhUd4aHR3mxCdBbMMuQw==",
      "hasInstallScript": true,
      "license": "MIT",
      "dependencies": {
        "@phc/format": "^1.0.0",
        "node-addon-api": "^8.0.0",
        "node-gyp-build": "^4.8.0"
      },
      "engines": {
        "node": ">=16.17.0"
      }
    },
    "node_modules/cookie-parser": {
      "version": "1.4.7",
      "resolved": "https://registry.npmjs.org/cookie-parser/-/cookie-parser-1.4.7.tgz",
      "integrity": "sha512-nGUvgXnotP3BsjiLX2ypbQnWoGUPIIfHQNZkkC668ntrzGWEZVW70HDEB1qnNGMicPje6EttlIgzo51YSwNQGw==",
      "license": "MIT",
      "dependencies": {
        "cookie": "0.7.2",
        "cookie-signature": "1.0.6"
      },
      "engines": {
        "node": ">= 0.8.0"
      }
    },
    "node_modules/cors": {
      "version": "2.8.6",
      "resolved": "https://registry.npmjs.org/cors/-/cors-2.8.6.tgz",
      "integrity": "sha512-tJtZBBHA6vjIAaF6EnIaq6laBBP9aq/Y3ouVJjEfoHbRBcHBAHYcMh/w8LDrk2PvIMMq8gmopa5D4V8RmbrxGw==",
      "license": "MIT",
      "dependencies": {
        "object-assign": "^4",
        "vary": "^1"
      },
      "engines": {
        "node": ">= 0.10"
      },
      "funding": {
        "type": "opencollective",
        "url": "https://opencollective.com/express"
      }
    },
    "node_modules/dotenv": {
      "version": "16.6.1",
      "resolved": "https://registry.npmjs.org/dotenv/-/dotenv-16.6.1.tgz",
      "integrity": "sha512-uBq4egWHTcTt33a72vpSG0z3HnPuIl6NqYcTrKEg2azoEyl2hpW0zqlxysq2pK9HlDIHyHyakeYaYnSAwd8bow==",
      "license": "BSD-2-Clause",
      "engines": {
        "node": ">=12"
      },
      "funding": {
        "url": "https://dotenvx.com"
      }
    },
    "node_modules/express": {
      "version": "4.22.2",
      "resolved": "https://registry.npmjs.org/express/-/express-4.22.2.tgz",
      "integrity": "sha512-IuL+Elrou2ZvCFHs18/CIzy2Nzvo25nZ1/D2eIZlz7c+QUayAcYoiM2BthCjs+EBHVpjYjcuLDAiCWgeIX3X1Q==",
      "license": "MIT",
      "dependencies": {
        "accepts": "~1.3.8",
        "array-flatten": "1.1.1",
        "body-parser": "~1.20.5",
        "content-disposition": "~0.5.4",
        "content-type": "~1.0.4",
        "cookie": "~0.7.1",
        "cookie-signature": "~1.0.6",
        "debug": "2.6.9",
        "depd": "2.0.0",
        "encodeurl": "~2.0.0",
        "escape-html": "~1.0.3",
        "etag": "~1.8.1",
        "finalhandler": "~1.3.1",
        "fresh": "~0.5.2",
        "http-errors": "~2.0.0",
        "merge-descriptors": "1.0.3",
        "methods": "~1.1.2",
        "on-finished": "~2.4.1",
        "parseurl": "~1.3.3",
        "path-to-regexp": "~0.1.12",
        "proxy-addr": "~2.0.7",
        "qs": "~6.15.1",
        "range-parser": "~1.2.1",
        "safe-buffer": "5.2.1",
        "send": "~0.19.0",
        "serve-static": "~1.16.2",
        "setprototypeof": "1.2.0",
        "statuses": "~2.0.1",
        "type-is": "~1.6.18",
        "utils-merge": "1.0.1",
        "vary": "~1.1.2"
      },
      "engines": {
        "node": ">= 0.10.0"
      },
      "funding": {
        "type": "opencollective",
        "url": "https://opencollective.com/express"
      }
    },
    "node_modules/express-rate-limit": {
      "version": "7.5.1",
      "resolved": "https://registry.npmjs.org/express-rate-limit/-/express-rate-limit-7.5.1.tgz",
      "integrity": "sha512-7iN8iPMDzOMHPUYllBEsQdWVB6fPDMPqwjBaFrgr4Jgr/+okjvzAy+UHlYYL/Vs0OsOrMkwS6PJDkFlJwoxUnw==",
      "license": "MIT",
      "engines": {
        "node": ">= 16"
      },
      "funding": {
        "url": "https://github.com/sponsors/express-rate-limit"
      },
      "peerDependencies": {
        "express": ">= 4.11"
      }
    },
    "node_modules/file-type": {
      "version": "22.0.1",
      "resolved": "https://registry.npmjs.org/file-type/-/file-type-22.0.1.tgz",
      "integrity": "sha512-ww5Mhre0EE+jmBvOXTmXAbEMuZE7uX4a3+oRCQFNj8w++g3ev913N6tXQz0XTXbueQ5TWQfm6BdaViEHHn8bhA==",
      "license": "MIT",
      "dependencies": {
        "@tokenizer/inflate": "^0.4.1",
        "strtok3": "^10.3.5",
        "token-types": "^6.1.2",
        "uint8array-extras": "^1.5.0"
      },
      "engines": {
        "node": ">=22"
      },
      "funding": {
        "url": "https://github.com/sindresorhus/file-type?sponsor=1"
      }
    },
    "node_modules/helmet": {
      "version": "7.2.0",
      "resolved": "https://registry.npmjs.org/helmet/-/helmet-7.2.0.tgz",
      "integrity": "sha512-ZRiwvN089JfMXokizgqEPXsl2Guk094yExfoDXR0cBYWxtBbaSww/w+vT4WEJsBW2iTUi1GgZ6swmoug3Oy4Xw==",
      "license": "MIT",
      "engines": {
        "node": ">=16.0.0"
      }
    },
    "node_modules/jsonwebtoken": {
      "version": "9.0.3",
      "resolved": "https://registry.npmjs.org/jsonwebtoken/-/jsonwebtoken-9.0.3.tgz",
      "integrity": "sha512-MT/xP0CrubFRNLNKvxJ2BYfy53Zkm++5bX9dtuPbqAeQpTVe0MQTFhao8+Cp//EmJp244xt6Drw/GVEGCUj40g==",
      "license": "MIT",
      "dependencies": {
        "jws": "^4.0.1",
        "lodash.includes": "^4.3.0",
        "lodash.isboolean": "^3.0.3",
        "lodash.isinteger": "^4.0.4",
        "lodash.isnumber": "^3.0.3",
        "lodash.isplainobject": "^4.0.6",
        "lodash.isstring": "^4.0.1",
        "lodash.once": "^4.0.0",
        "ms": "^2.1.1",
        "semver": "^7.5.4"
      },
      "engines": {
        "node": ">=12",
        "npm": ">=6"
      }
    },
    "node_modules/mongoose": {
      "version": "8.24.3",
      "resolved": "https://registry.npmjs.org/mongoose/-/mongoose-8.24.3.tgz",
      "integrity": "sha512-CMHqVyjK0Szc6irT14+O+QpN30kHxJLa0FjjLiBz/Txivmfg3mUUdMWAXfYM1Ubl0SNUkcG2cyLKOnhvttLtOA==",
      "license": "MIT",
      "dependencies": {
        "bson": "^6.10.4",
        "kareem": "2.6.3",
        "mongodb": "~6.20.0",
        "mpath": "0.9.0",
        "mquery": "5.0.0",
        "ms": "2.1.3",
        "sift": "17.1.3"
      },
      "engines": {
        "node": ">=16.20.1"
      },
      "funding": {
        "type": "opencollective",
        "url": "https://opencollective.com/mongoose"
      }
    },
    "node_modules/multer": {
      "version": "1.4.5-lts.2",
      "resolved": "https://registry.npmjs.org/multer/-/multer-1.4.5-lts.2.tgz",
      "integrity": "sha512-VzGiVigcG9zUAoCNU+xShztrlr1auZOlurXynNvO9GiWD1/mTBbUljOKY+qMeazBqXgRnjzeEgJI/wyjJUHg9A==",
      "deprecated": "Multer 1.x is impacted by a number of vulnerabilities, which have been patched in 2.x. You should upgrade to the latest 2.x version.",
      "license": "MIT",
      "dependencies": {
        "append-field": "^1.0.0",
        "busboy": "^1.0.0",
        "concat-stream": "^1.5.2",
        "mkdirp": "^0.5.4",
        "object-assign": "^4.1.1",
        "type-is": "^1.6.4",
        "xtend": "^4.0.0"
      },
      "engines": {
        "node": ">= 6.0.0"
      }
    },
    "node_modules/node-cron": {
      "version": "4.6.0",
      "resolved": "https://registry.npmjs.org/node-cron/-/node-cron-4.6.0.tgz",
      "integrity": "sha512-Si/bzYiKRHOB8/a99T2+SDGN582ONDMSTlJr5oCkT6GtnqPjZ2s10eoQRYkW9ZHwjVxONL+W8Fb+qR0AHMQsdg==",
      "license": "ISC",
      "engines": {
        "node": ">=20"
      }
    },
    "node_modules/otplib": {
      "version": "12.0.1",
      "resolved": "https://registry.npmjs.org/otplib/-/otplib-12.0.1.tgz",
      "integrity": "sha512-xDGvUOQjop7RDgxTQ+o4pOol0/3xSZzawTiPKRrHnQWAy0WjhNs/5HdIDJCrqC4MBynmjXgULc6YfioaxZeFgg==",
      "license": "MIT",
      "dependencies": {
        "@otplib/core": "^12.0.1",
        "@otplib/preset-default": "^12.0.1",
        "@otplib/preset-v11": "^12.0.1"
      }
    },
    "node_modules/qrcode": {
      "version": "1.5.4",
      "resolved": "https://registry.npmjs.org/qrcode/-/qrcode-1.5.4.tgz",
      "integrity": "sha512-1ca71Zgiu6ORjHqFBDpnSMTR2ReToX4l1Au1VFLyVeBTFavzQnv5JxMFr3ukHVKpSrSA2MCk0lNJSykjUfz7Zg==",
      "license": "MIT",
      "dependencies": {
        "dijkstrajs": "^1.0.1",
        "pngjs": "^5.0.0",
        "yargs": "^15.3.1"
      },
      "bin": {
        "qrcode": "bin/qrcode"
      },
      "engines": {
        "node": ">=10.13.0"
      }
    },
    "node_modules/sanitize-filename": {
      "version": "1.6.4",
      "resolved": "https://registry.npmjs.org/sanitize-filename/-/sanitize-filename-1.6.4.tgz",
      "integrity": "sha512-9ZyI08PsvdQl2r/bBIGubpVdR3RR9sY6RDiWFPreA21C/EFlQhmgo20UZlNjZMMZNubusLhAQozkA0Od5J21Eg==",
      "license": "WTFPL OR ISC",
      "dependencies": {
        "truncate-utf8-bytes": "^1.0.0"
      }
    },
    "node_modules/winston": {
      "version": "3.19.0",
      "resolved": "https://registry.npmjs.org/winston/-/winston-3.19.0.tgz",
      "integrity": "sha512-LZNJgPzfKR+/J3cHkxcpHKpKKvGfDZVPS4hfJCc4cCG0CgYzvlD6yE/S3CIL/Yt91ak327YCpiF/0MyeZHEHKA==",
      "license": "MIT",
      "dependencies": {
        "@colors/colors": "^1.6.0",
        "@dabh/diagnostics": "^2.0.8",
        "async": "^3.2.3",
        "is-stream": "^2.0.0",
        "logform": "^2.7.0",
        "one-time": "^1.0.0",
        "readable-stream": "^3.4.0",
        "safe-stable-stringify": "^2.3.1",
        "stack-trace": "0.0.x",
        "triple-beam": "^1.3.0",
        "winston-transport": "^4.9.0"
      },
      "engines": {
        "node": ">= 12.0.0"
      }
    },
    "node_modules/zod": {
      "version": "3.25.76",
      "resolved": "https://registry.npmjs.org/zod/-/zod-3.25.76.tgz",
      "integrity": "sha512-gzUt/qt81nXsFGKIFcC3YnfEAx5NkunCfnDlvuBSSFS02bcXu4Lmea0AFIUwbLWxWPx3d9p8S5QoaujKcNQxcQ==",
      "license": "MIT",
      "funding": {
        "url": "https://github.com/sponsors/colinhacks"
      }
    },
    "node_modules/jest": {
      "version": "29.7.0",
      "resolved": "https://registry.npmjs.org/jest/-/jest-29.7.0.tgz",
      "integrity": "sha512-NIy3oAFp9shda19hy4HK0HRTWKtPJmGdnvywu01nOqNC2vZg+Z+fvJDxpMQA88eb2I9EcafcdjYgsDthnYTvGw==",
      "dev": true,
      "license": "MIT",
      "dependencies": {
        "@jest/core": "^29.7.0",
        "@jest/types": "^29.6.3",
        "import-local": "^3.0.2",
        "jest-cli": "^29.7.0"
      },
      "bin": {
        "jest": "bin/jest.js"
      },
      "engines": {
        "node": "^14.15.0 || ^16.10.0 || >=18.0.0"
      }
    },
    "node_modules/mongodb-memory-server": {
      "version": "9.5.0",
      "resolved": "https://registry.npmjs.org/mongodb-memory-server/-/mongodb-memory-server-9.5.0.tgz",
      "integrity": "sha512-In3zRT40cLlVtpy7FK6b96Lby6JBAdXj8Kf9YrH4p1Aa2X4ptojq7SmiRR3x47Lo0/UCXXIwhJpkdbYY8kRZAw==",
      "dev": true,
      "hasInstallScript": true,
      "license": "MIT",
      "dependencies": {
        "mongodb-memory-server-core": "9.5.0",
        "tslib": "^2.6.3"
      },
      "engines": {
        "node": ">=14.20.1"
      }
    },
    "node_modules/nodemon": {
      "version": "3.1.14",
      "resolved": "https://registry.npmjs.org/nodemon/-/nodemon-3.1.14.tgz",
      "integrity": "sha512-jakjZi93UtB3jHMWsXL68FXSAosbLfY0In5gtKq3niLSkrWznrVBzXFNOEMJUfc9+Ke7SHWoAZsiMkNP3vq6Jw==",
      "dev": true,
      "license": "MIT",
      "dependencies": {
        "chokidar": "^3.5.2",
        "debug": "^4",
        "ignore-by-default": "^1.0.1",
        "minimatch": "^10.2.1",
        "pstree.remy": "^1.1.8",
        "semver": "^7.5.3",
        "simple-update-notifier": "^2.0.0",
        "supports-color": "^5.5.0",
        "touch": "^3.1.0",
        "undefsafe": "^2.0.5"
      },
      "bin": {
        "nodemon": "bin/nodemon.js"
      },
      "engines": {
        "node": ">=10"
      },
      "funding": {
        "type": "opencollective",
        "url": "https://opencollective.com/nodemon"
      }
    },
    "node_modules/supertest": {
      "version": "7.2.2",
      "resolved": "https://registry.npmjs.org/supertest/-/supertest-7.2.2.tgz",
      "integrity": "sha512-oK8WG9diS3DlhdUkcFn4tkNIiIbBx9lI2ClF8K+b2/m8Eyv47LSawxUzZQSNKUrVb2KsqeTDCcjAAVPYaSLVTA==",
      "dev": true,
      "license": "MIT",
      "dependencies": {
        "cookie-signature": "^1.2.2",
        "methods": "^1.1.2",
        "superagent": "^10.3.0"
      },
      "engines": {
        "node": ">=14.18.0"
      }
    }
  }
}
